<?xml version="1.0" encoding="utf-8"?>
<Project ToolsVersion="4.0" xmlns="http://schemas.microsoft.com/developer/msbuild/2003">
  <ItemGroup>
    <Filter Include="소스 파일">
      <UniqueIdentifier>{4FC737F1-C7A5-4376-A066-2A32D752A2FF}</UniqueIdentifier>
      <Extensions>cpp;c;cc;cxx;def;odl;idl;hpj;bat;asm;asmx</Extensions>
    </Filter>
    <Filter Include="헤더 파일">
      <UniqueIdentifier>{93995380-89BD-4b04-88EB-625FBE52EBFB}</UniqueIdentifier>
      <Extensions>h;hh;hpp;hxx;hm;inl;inc;xsd</Extensions>
    </Filter>
    <Filter Include="리소스 파일">
      <UniqueIdentifier>{67DA6AB6-F800-4c08-8B7A-83BB121AAD01}</UniqueIdentifier>
      <Extensions>rc;ico;cur;bmp;dlg;rc2;rct;bin;rgs;gif;jpg;jpeg;jpe;resx;tiff;tif;png;wav;mfcribbon-ms</Extensions>
    </Filter>
    <Filter Include="Utility">
      <UniqueIdentifier>{265f7165-5ad2-4398-8939-a603e74f6776}</UniqueIdentifier>
    </Filter>
    <Filter Include="Manager">
      <UniqueIdentifier>{b01af82c-26aa-4663-b586-0d25befc45d5}</UniqueIdentifier>
    </Filter>
    <Filter Include="Scene">
      <UniqueIdentifier>{a0c40e06-7b07-466e-bff8-1849da6fcc0d}</UniqueIdentifier>
    </Filter>
    <Filter Include="DataBase">
      <UniqueIdentifier>{41e1c06e-b348-45ab-a742-2d8917a0a856}</UniqueIdentifier>
    </Filter>
    <Filter Include="DataBase\Character">
      <UniqueIdentifier>{b66f667f-5033-4f2c-b373-b14c748bdb08}</UniqueIdentifier>
    </Filter>
    <Filter Include="DataBase\Item">
      <UniqueIdentifier>{eb6aa7f8-72d1-4801-bc8f-e191d09a2623}</UniqueIdentifier>
    </Filter>
    <Filter Include="Player">
      <UniqueIdentifier>{1458740d-54d1-4382-9316-55b03f648221}</UniqueIdentifier>
    </Filter>
    <Filter Include="Monster">
      <UniqueIdentifier>{76fcd368-deae-488e-88a5-81f33c1787a7}</UniqueIdentifier>
    </Filter>
    <Filter Include="Resource">
      <UniqueIdentifier>{63bc2207-4071-4ab9-b84c-27ff4d87d183}</UniqueIdentifier>
    </Filter>
  </ItemGroup>
  <ItemGroup>
    <ClCompile Include="main.cpp">
      <Filter>소스 파일</Filter>
    </ClCompile>
    <ClCompile Include="SceneMgr.cpp">
      <Filter>Manager</Filter>
    </ClCompile>
    <ClCompile Include="RenderMgr.cpp">
      <Filter>Manager</Filter>
    </ClCompile>
    <ClCompile Include="StartScene.cpp">
      <Filter>Scene</Filter>
    </ClCompile>
    <ClCompile Include="PlayerScene.cpp">
      <Filter>Scene</Filter>
    </ClCompile>
    <ClCompile Include="ExitScene.cpp">
      <Filter>Scene</Filter>
    </ClCompile>
    <ClCompile Include="InfoScene.cpp">
      <Filter>Scene</Filter>
    </ClCompile>
    <ClCompile Include="Character.cpp">
      <Filter>DataBase\Character</Filter>
    </ClCompile>
    <ClCompile Include="CharacterDB.cpp">
      <Filter>DataBase\Character</Filter>
    </ClCompile>
    <ClCompile Include="Player.cpp">
      <Filter>Player</Filter>
    </ClCompile>
    <ClCompile Include="ObjectMgr.cpp">
      <Filter>Manager</Filter>
    </ClCompile>
    <ClCompile Include="ItemDB.cpp">
      <Filter>DataBase\Item</Filter>
    </ClCompile>
    <ClCompile Include="ItemInventory.cpp">
      <Filter>Player</Filter>
    </ClCompile>
    <ClCompile Include="HomeScene.cpp">
      <Filter>Scene</Filter>
    </ClCompile>
    <ClCompile Include="FieldScene.cpp">
      <Filter>Scene</Filter>
    </ClCompile>
    <ClCompile Include="Monster.cpp">
      <Filter>Monster</Filter>
    </ClCompile>
    <ClCompile Include="ForestScene.cpp">
      <Filter>Scene</Filter>
    </ClCompile>
    <ClCompile Include="Resource.cpp">
      <Filter>Resource</Filter>
    </ClCompile>
  </ItemGroup>
  <ItemGroup>
    <ClInclude Include="ArrayList.h">
      <Filter>Utility</Filter>
    </ClInclude>
    <ClInclude Include="SceneMgr.h">
      <Filter>Manager</Filter>
    </ClInclude>
    <ClInclude Include="StartScene.h">
      <Filter>Scene</Filter>
    </ClInclude>
    <ClInclude Include="Math.h">
      <Filter>Utility</Filter>
    </ClInclude>
    <ClInclude Include="Key.h">
      <Filter>Utility</Filter>
    </ClInclude>
    <ClInclude Include="Menu.h">
      <Filter>Utility</Filter>
    </ClInclude>
    <ClInclude Include="RenderMgr.h">
      <Filter>Manager</Filter>
    </ClInclude>
    <ClInclude Include="Constant.h">
      <Filter>Utility</Filter>
    </ClInclude>
    <ClInclude Include="PlayerScene.h">
      <Filter>Scene</Filter>
    </ClInclude>
    <ClInclude Include="ExitScene.h">
      <Filter>Scene</Filter>
    </ClInclude>
    <ClInclude Include="InfoScene.h">
      <Filter>Scene</Filter>
    </ClInclude>
    <ClInclude Include="Character.h">
      <Filter>DataBase\Character</Filter>
    </ClInclude>
    <ClInclude Include="CharacterDB.h">
      <Filter>DataBase\Character</Filter>
    </ClInclude>
    <ClInclude Include="Player.h">
      <Filter>Player</Filter>
    </ClInclude>
    <ClInclude Include="ObjectMgr.h">
      <Filter>Manager</Filter>
    </ClInclude>
    <ClInclude Include="ItemDB.h">
      <Filter>DataBase\Item</Filter>
    </ClInclude>
    <ClInclude Include="ItemInventory.h">
      <Filter>Player</Filter>
    </ClInclude>
    <ClInclude Include="HomeScene.h">
      <Filter>Scene</Filter>
    </ClInclude>
    <ClInclude Include="Map.h">
      <Filter>Utility</Filter>
    </ClInclude>
    <ClInclude Include="Bag.h">
      <Filter>Utility</Filter>
    </ClInclude>
    <ClInclude Include="Status.h">
      <Filter>Utility</Filter>
    </ClInclude>
    <ClInclude Include="FieldScene.h">
      <Filter>Scene</Filter>
    </ClInclude>
    <ClInclude Include="Monster.h">
      <Filter>Monster</Filter>
    </ClInclude>
    <ClInclude Include="ForestScene.h">
      <Filter>Scene</Filter>
    </ClInclude>
    <ClInclude Include="Resource.h">
      <Filter>Resource</Filter>
    </ClInclude>
    <ClInclude Include="Storage.h">
      <Filter>Utility</Filter>
    </ClInclude>
  </ItemGroup>
</Project>